
Microsoft Visual Studio Solution File, Format Version 12.00
# Visual Studio 15
VisualStudioVersion = 15.0.28307.902
MinimumVisualStudioVersion = 10.0.40219.1
Project("{FAE04EC0-301F-11D3-BF4B-00C04F79EFBC}") = "SaasProductApp", "SaasProductApp\SaasProductApp.csproj", "{CDA75D4F-1322-47C1-844B-FF797E24316E}"
EndProject
Project("{FAE04EC0-301F-11D3-BF4B-00C04F79EFBC}") = "ProductLibrary", "ProductLibrary\ProductLibrary.csproj", "{84C2E970-7F1B-4ACF-9845-F54BEF0464C0}"
EndProject
Project("{FAE04EC0-301F-11D3-BF4B-00C04F79EFBC}") = "SaaSProductUnitTest", "SaaSProductUnitTest\SaaSProductUnitTest.csproj", "{FA22FCBF-2CD3-4060-A9E5-08535F279E10}"
EndProject
Global
	GlobalSection(SolutionConfigurationPlatforms) = preSolution
		Debug|Any CPU = Debug|Any CPU
		Release|Any CPU = Release|Any CPU
	EndGlobalSection
	GlobalSection(ProjectConfigurationPlatforms) = postSolution
		{CDA75D4F-1322-47C1-844B-FF797E24316E}.Debug|Any CPU.ActiveCfg = Debug|Any CPU
		{CDA75D4F-1322-47C1-844B-FF797E24316E}.Debug|Any CPU.Build.0 = Debug|Any CPU
		{CDA75D4F-1322-47C1-844B-FF797E24316E}.Release|Any CPU.ActiveCfg = Release|Any CPU
		{CDA75D4F-1322-47C1-844B-FF797E24316E}.Release|Any CPU.Build.0 = Release|Any CPU
		{84C2E970-7F1B-4ACF-9845-F54BEF0464C0}.Debug|Any CPU.ActiveCfg = Debug|Any CPU
		{84C2E970-7F1B-4ACF-9845-F54BEF0464C0}.Debug|Any CPU.Build.0 = Debug|Any CPU
		{84C2E970-7F1B-4ACF-9845-F54BEF0464C0}.Release|Any CPU.ActiveCfg = Release|Any CPU
		{84C2E970-7F1B-4ACF-9845-F54BEF0464C0}.Release|Any CPU.Build.0 = Release|Any CPU
		{FA22FCBF-2CD3-4060-A9E5-08535F279E10}.Debug|Any CPU.ActiveCfg = Debug|Any CPU
		{FA22FCBF-2CD3-4060-A9E5-08535F279E10}.Debug|Any CPU.Build.0 = Debug|Any CPU
		{FA22FCBF-2CD3-4060-A9E5-08535F279E10}.Release|Any CPU.ActiveCfg = Release|Any CPU
		{FA22FCBF-2CD3-4060-A9E5-08535F279E10}.Release|Any CPU.Build.0 = Release|Any CPU
	EndGlobalSection
	GlobalSection(SolutionProperties) = preSolution
		HideSolutionNode = FALSE
	EndGlobalSection
	GlobalSection(ExtensibilityGlobals) = postSolution
		SolutionGuid = {E0826161-8D4B-42C2-B5EE-74DA49A7DA95}
	EndGlobalSection
EndGlobal
